
Microsoft Visual Studio Solution File, Format Version 12.00
# Visual Studio 15
VisualStudioVersion = 15.0.28307.1500
MinimumVisualStudioVersion = 10.0.40219.1
Project("{FAE04EC0-301F-11D3-BF4B-00C04F79EFBC}") = "WpfApplication1", "WpfApplication1.csproj", "{BAB8B7D9-5A8E-4679-99FE-685722CE97CF}"
EndProject
Global
	GlobalSection(SolutionConfigurationPlatforms) = preSolution
		Debug|Any CPU = Debug|Any CPU
		Release|Any CPU = Release|Any CPU
	EndGlobalSection
	GlobalSection(ProjectConfigurationPlatforms) = postSolution
		{BAB8B7D9-5A8E-4679-99FE-685722CE97CF}.Debug|Any CPU.ActiveCfg = Debug|Any CPU
		{BAB8B7D9-5A8E-4679-99FE-685722CE97CF}.Debug|Any CPU.Build.0 = Debug|Any CPU
		{BAB8B7D9-5A8E-4679-99FE-685722CE97CF}.Release|Any CPU.ActiveCfg = Release|Any CPU
		{BAB8B7D9-5A8E-4679-99FE-685722CE97CF}.Release|Any CPU.Build.0 = Release|Any CPU
	EndGlobalSection
	GlobalSection(SolutionProperties) = preSolution
		HideSolutionNode = FALSE
	EndGlobalSection
	GlobalSection(ExtensibilityGlobals) = postSolution
		SolutionGuid = {8C722AE3-C28B-4579-BFD1-24A974CE08D1}
	EndGlobalSection
EndGlobal
