
Microsoft Visual Studio Solution File, Format Version 12.00
# Visual Studio 15
VisualStudioVersion = 15.0.28307.1500
MinimumVisualStudioVersion = 10.0.40219.1
Project("{FAE04EC0-301F-11D3-BF4B-00C04F79EFBC}") = "WpfApplication1", "WpfApplication1.csproj", "{3824AFDE-A63C-4CC7-AD1D-EDC233C765BB}"
EndProject
Global
	GlobalSection(SolutionConfigurationPlatforms) = preSolution
		Debug|Any CPU = Debug|Any CPU
		Release|Any CPU = Release|Any CPU
	EndGlobalSection
	GlobalSection(ProjectConfigurationPlatforms) = postSolution
		{3824AFDE-A63C-4CC7-AD1D-EDC233C765BB}.Debug|Any CPU.ActiveCfg = Debug|Any CPU
		{3824AFDE-A63C-4CC7-AD1D-EDC233C765BB}.Debug|Any CPU.Build.0 = Debug|Any CPU
		{3824AFDE-A63C-4CC7-AD1D-EDC233C765BB}.Release|Any CPU.ActiveCfg = Release|Any CPU
		{3824AFDE-A63C-4CC7-AD1D-EDC233C765BB}.Release|Any CPU.Build.0 = Release|Any CPU
	EndGlobalSection
	GlobalSection(SolutionProperties) = preSolution
		HideSolutionNode = FALSE
	EndGlobalSection
	GlobalSection(ExtensibilityGlobals) = postSolution
		SolutionGuid = {D8B5F8E2-BA2D-4AA6-917C-BD60844A315F}
	EndGlobalSection
EndGlobal
