
Microsoft Visual Studio Solution File, Format Version 10.00
# Visual Studio 2008
Project("{FAE04EC0-301F-11D3-BF4B-00C04F79EFBC}") = "Magnify", "Magnify.csproj", "{EF247AEA-7642-45B0-9962-298DBB2D23FD}"
EndProject
Global
	GlobalSection(SolutionConfigurationPlatforms) = preSolution
		Debug|Any CPU = Debug|Any CPU
		Release|Any CPU = Release|Any CPU
	EndGlobalSection
	GlobalSection(ProjectConfigurationPlatforms) = postSolution
		{EF247AEA-7642-45B0-9962-298DBB2D23FD}.Debug|Any CPU.ActiveCfg = Debug|Any CPU
		{EF247AEA-7642-45B0-9962-298DBB2D23FD}.Debug|Any CPU.Build.0 = Debug|Any CPU
		{EF247AEA-7642-45B0-9962-298DBB2D23FD}.Release|Any CPU.ActiveCfg = Release|Any CPU
		{EF247AEA-7642-45B0-9962-298DBB2D23FD}.Release|Any CPU.Build.0 = Release|Any CPU
	EndGlobalSection
	GlobalSection(SolutionProperties) = preSolution
		HideSolutionNode = FALSE
	EndGlobalSection
EndGlobal
