
Microsoft Visual Studio Solution File, Format Version 12.00
# Visual Studio 15
VisualStudioVersion = 15.0.28307.1500
MinimumVisualStudioVersion = 10.0.40219.1
Project("{FAE04EC0-301F-11D3-BF4B-00C04F79EFBC}") = "WpfApplication1", "WpfApplication1.csproj", "{4CD78798-EE01-458B-BBEA-E5C8E5799D64}"
EndProject
Global
	GlobalSection(SolutionConfigurationPlatforms) = preSolution
		Debug|Any CPU = Debug|Any CPU
		Release|Any CPU = Release|Any CPU
	EndGlobalSection
	GlobalSection(ProjectConfigurationPlatforms) = postSolution
		{4CD78798-EE01-458B-BBEA-E5C8E5799D64}.Debug|Any CPU.ActiveCfg = Debug|Any CPU
		{4CD78798-EE01-458B-BBEA-E5C8E5799D64}.Debug|Any CPU.Build.0 = Debug|Any CPU
		{4CD78798-EE01-458B-BBEA-E5C8E5799D64}.Release|Any CPU.ActiveCfg = Release|Any CPU
		{4CD78798-EE01-458B-BBEA-E5C8E5799D64}.Release|Any CPU.Build.0 = Release|Any CPU
	EndGlobalSection
	GlobalSection(SolutionProperties) = preSolution
		HideSolutionNode = FALSE
	EndGlobalSection
	GlobalSection(ExtensibilityGlobals) = postSolution
		SolutionGuid = {6E7267D7-AB66-4EAA-9CBA-3C7A1E67B3C6}
	EndGlobalSection
EndGlobal
